// !$*UTF8*$!
{
	archiveVersion = 1;
	classes = {
	};
	objectVersion = 56;
	objects = {

/* Begin PBXBuildFile section */
		C4478F1C2A652E310096614B /* AppDelegate.swift in Sources */ = {isa = PBXBuildFile; fileRef = C4478F1B2A652E310096614B /* AppDelegate.swift */; };
		C4478F1E2A652E310096614B /* SceneDelegate.swift in Sources */ = {isa = PBXBuildFile; fileRef = C4478F1D2A652E310096614B /* SceneDelegate.swift */; };
		C4478F202A652E310096614B /* HomeViewController.swift in Sources */ = {isa = PBXBuildFile; fileRef = C4478F1F2A652E310096614B /* HomeViewController.swift */; };
		C4478F262A652E310096614B /* MovieApp.xcdatamodeld in Sources */ = {isa = PBXBuildFile; fileRef = C4478F242A652E310096614B /* MovieApp.xcdatamodeld */; };
		C4478F282A652E350096614B /* Assets.xcassets in Resources */ = {isa = PBXBuildFile; fileRef = C4478F272A652E350096614B /* Assets.xcassets */; };
		C4478F2B2A652E350096614B /* LaunchScreen.storyboard in Resources */ = {isa = PBXBuildFile; fileRef = C4478F292A652E350096614B /* LaunchScreen.storyboard */; };
		C4478F3B2A653AEC0096614B /* UIColor + Extension.swift in Sources */ = {isa = PBXBuildFile; fileRef = C4478F3A2A653AEC0096614B /* UIColor + Extension.swift */; };
		C4478F3E2A653C430096614B /* Montserrat-VariableFont_wght.ttf in Resources */ = {isa = PBXBuildFile; fileRef = C4478F3C2A653C430096614B /* Montserrat-VariableFont_wght.ttf */; };
		C4478F3F2A653C430096614B /* Montserrat-Italic-VariableFont_wght.ttf in Resources */ = {isa = PBXBuildFile; fileRef = C4478F3D2A653C430096614B /* Montserrat-Italic-VariableFont_wght.ttf */; };
		C4478F422A654C7E0096614B /* SplashViewController.swift in Sources */ = {isa = PBXBuildFile; fileRef = C4478F412A654C7E0096614B /* SplashViewController.swift */; };
		C4478F462A6552360096614B /* SearchBar.swift in Sources */ = {isa = PBXBuildFile; fileRef = C4478F452A6552360096614B /* SearchBar.swift */; };
		C4478F482A6567E70096614B /* UITextField + Extension.swift in Sources */ = {isa = PBXBuildFile; fileRef = C4478F472A6567E70096614B /* UITextField + Extension.swift */; };
		C4478F4A2A6569320096614B /* FilterButton.swift in Sources */ = {isa = PBXBuildFile; fileRef = C4478F492A6569320096614B /* FilterButton.swift */; };
		C4478F4D2A6572EC0096614B /* MoviesCollectionViewCell.swift in Sources */ = {isa = PBXBuildFile; fileRef = C4478F4C2A6572EC0096614B /* MoviesCollectionViewCell.swift */; };
		C4478F4F2A6579C30096614B /* MovieCategoryCollectionViewCell.swift in Sources */ = {isa = PBXBuildFile; fileRef = C4478F4E2A6579C30096614B /* MovieCategoryCollectionViewCell.swift */; };
		C4478F522A68004F0096614B /* Movie.swift in Sources */ = {isa = PBXBuildFile; fileRef = C4478F512A68004E0096614B /* Movie.swift */; };
		C4638BD12A6FD4DE001CF2EE /* MovieTrailerViewController.swift in Sources */ = {isa = PBXBuildFile; fileRef = C4638BD02A6FD4DE001CF2EE /* MovieTrailerViewController.swift */; };
		C4C45ED82A6D19B600BC2DC7 /* FavoritePageViewController.swift in Sources */ = {isa = PBXBuildFile; fileRef = C4C45ED72A6D19B600BC2DC7 /* FavoritePageViewController.swift */; };
		C4C45EDB2A6D1B3E00BC2DC7 /* FavoriteCollectionViewCell.swift in Sources */ = {isa = PBXBuildFile; fileRef = C4C45EDA2A6D1B3E00BC2DC7 /* FavoriteCollectionViewCell.swift */; };
		C4C45EDD2A6D224A00BC2DC7 /* CustomNavigationBar.swift in Sources */ = {isa = PBXBuildFile; fileRef = C4C45EDC2A6D224A00BC2DC7 /* CustomNavigationBar.swift */; };
		C4C45EE02A6E6ECA00BC2DC7 /* MovieDetailsViewController.swift in Sources */ = {isa = PBXBuildFile; fileRef = C4C45EDF2A6E6ECA00BC2DC7 /* MovieDetailsViewController.swift */; };
		C4C45EE22A6E7C9400BC2DC7 /* LabelsContainerView.swift in Sources */ = {isa = PBXBuildFile; fileRef = C4C45EE12A6E7C9400BC2DC7 /* LabelsContainerView.swift */; };
/* End PBXBuildFile section */

/* Begin PBXFileReference section */
		C4478F182A652E310096614B /* MovieApp.app */ = {isa = PBXFileReference; explicitFileType = wrapper.application; includeInIndex = 0; path = MovieApp.app; sourceTree = BUILT_PRODUCTS_DIR; };
		C4478F1B2A652E310096614B /* AppDelegate.swift */ = {isa = PBXFileReference; lastKnownFileType = sourcecode.swift; path = AppDelegate.swift; sourceTree = "<group>"; };
		C4478F1D2A652E310096614B /* SceneDelegate.swift */ = {isa = PBXFileReference; lastKnownFileType = sourcecode.swift; path = SceneDelegate.swift; sourceTree = "<group>"; };
		C4478F1F2A652E310096614B /* HomeViewController.swift */ = {isa = PBXFileReference; lastKnownFileType = sourcecode.swift; path = HomeViewController.swift; sourceTree = "<group>"; };
		C4478F252A652E310096614B /* MovieApp.xcdatamodel */ = {isa = PBXFileReference; lastKnownFileType = wrapper.xcdatamodel; path = MovieApp.xcdatamodel; sourceTree = "<group>"; };
		C4478F272A652E350096614B /* Assets.xcassets */ = {isa = PBXFileReference; lastKnownFileType = folder.assetcatalog; path = Assets.xcassets; sourceTree = "<group>"; };
		C4478F2A2A652E350096614B /* Base */ = {isa = PBXFileReference; lastKnownFileType = file.storyboard; name = Base; path = Base.lproj/LaunchScreen.storyboard; sourceTree = "<group>"; };
		C4478F2C2A652E350096614B /* Info.plist */ = {isa = PBXFileReference; lastKnownFileType = text.plist.xml; path = Info.plist; sourceTree = "<group>"; };
		C4478F3A2A653AEC0096614B /* UIColor + Extension.swift */ = {isa = PBXFileReference; lastKnownFileType = sourcecode.swift; path = "UIColor + Extension.swift"; sourceTree = "<group>"; };
		C4478F3C2A653C430096614B /* Montserrat-VariableFont_wght.ttf */ = {isa = PBXFileReference; lastKnownFileType = file; path = "Montserrat-VariableFont_wght.ttf"; sourceTree = "<group>"; };
		C4478F3D2A653C430096614B /* Montserrat-Italic-VariableFont_wght.ttf */ = {isa = PBXFileReference; lastKnownFileType = file; path = "Montserrat-Italic-VariableFont_wght.ttf"; sourceTree = "<group>"; };
		C4478F412A654C7E0096614B /* SplashViewController.swift */ = {isa = PBXFileReference; lastKnownFileType = sourcecode.swift; path = SplashViewController.swift; sourceTree = "<group>"; };
		C4478F452A6552360096614B /* SearchBar.swift */ = {isa = PBXFileReference; lastKnownFileType = sourcecode.swift; path = SearchBar.swift; sourceTree = "<group>"; };
		C4478F472A6567E70096614B /* UITextField + Extension.swift */ = {isa = PBXFileReference; lastKnownFileType = sourcecode.swift; path = "UITextField + Extension.swift"; sourceTree = "<group>"; };
		C4478F492A6569320096614B /* FilterButton.swift */ = {isa = PBXFileReference; lastKnownFileType = sourcecode.swift; path = FilterButton.swift; sourceTree = "<group>"; };
		C4478F4C2A6572EC0096614B /* MoviesCollectionViewCell.swift */ = {isa = PBXFileReference; lastKnownFileType = sourcecode.swift; path = MoviesCollectionViewCell.swift; sourceTree = "<group>"; };
		C4478F4E2A6579C30096614B /* MovieCategoryCollectionViewCell.swift */ = {isa = PBXFileReference; lastKnownFileType = sourcecode.swift; path = MovieCategoryCollectionViewCell.swift; sourceTree = "<group>"; };
		C4478F512A68004E0096614B /* Movie.swift */ = {isa = PBXFileReference; lastKnownFileType = sourcecode.swift; path = Movie.swift; sourceTree = "<group>"; };
		C4638BD02A6FD4DE001CF2EE /* MovieTrailerViewController.swift */ = {isa = PBXFileReference; lastKnownFileType = sourcecode.swift; path = MovieTrailerViewController.swift; sourceTree = "<group>"; };
		C4C45ED72A6D19B600BC2DC7 /* FavoritePageViewController.swift */ = {isa = PBXFileReference; lastKnownFileType = sourcecode.swift; path = FavoritePageViewController.swift; sourceTree = "<group>"; };
		C4C45EDA2A6D1B3E00BC2DC7 /* FavoriteCollectionViewCell.swift */ = {isa = PBXFileReference; lastKnownFileType = sourcecode.swift; path = FavoriteCollectionViewCell.swift; sourceTree = "<group>"; };
		C4C45EDC2A6D224A00BC2DC7 /* CustomNavigationBar.swift */ = {isa = PBXFileReference; lastKnownFileType = sourcecode.swift; path = CustomNavigationBar.swift; sourceTree = "<group>"; };
		C4C45EDF2A6E6ECA00BC2DC7 /* MovieDetailsViewController.swift */ = {isa = PBXFileReference; lastKnownFileType = sourcecode.swift; path = MovieDetailsViewController.swift; sourceTree = "<group>"; };
		C4C45EE12A6E7C9400BC2DC7 /* LabelsContainerView.swift */ = {isa = PBXFileReference; lastKnownFileType = sourcecode.swift; path = LabelsContainerView.swift; sourceTree = "<group>"; };
/* End PBXFileReference section */

/* Begin PBXFrameworksBuildPhase section */
		C4478F152A652E310096614B /* Frameworks */ = {
			isa = PBXFrameworksBuildPhase;
			buildActionMask = 2147483647;
			files = (
			);
			runOnlyForDeploymentPostprocessing = 0;
		};
/* End PBXFrameworksBuildPhase section */

/* Begin PBXGroup section */
		C4478F0F2A652E310096614B = {
			isa = PBXGroup;
			children = (
				C4478F1A2A652E310096614B /* MovieApp */,
				C4478F192A652E310096614B /* Products */,
			);
			sourceTree = "<group>";
		};
		C4478F192A652E310096614B /* Products */ = {
			isa = PBXGroup;
			children = (
				C4478F182A652E310096614B /* MovieApp.app */,
			);
			name = Products;
			sourceTree = "<group>";
		};
		C4478F1A2A652E310096614B /* MovieApp */ = {
			isa = PBXGroup;
			children = (
				C4478F322A6538360096614B /* App */,
				C4478F372A6539430096614B /* Core */,
				C4478F342A6538900096614B /* Scenes */,
				C4478F332A65387C0096614B /* Launch */,
				C4478F362A6538BD0096614B /* Supporting Files */,
				C4478F352A6538A30096614B /* Resources */,
			);
			path = MovieApp;
			sourceTree = "<group>";
		};
		C4478F322A6538360096614B /* App */ = {
			isa = PBXGroup;
			children = (
				C4478F1B2A652E310096614B /* AppDelegate.swift */,
				C4478F1D2A652E310096614B /* SceneDelegate.swift */,
			);
			path = App;
			sourceTree = "<group>";
		};
		C4478F332A65387C0096614B /* Launch */ = {
			isa = PBXGroup;
			children = (
				C4478F292A652E350096614B /* LaunchScreen.storyboard */,
			);
			path = Launch;
			sourceTree = "<group>";
		};
		C4478F342A6538900096614B /* Scenes */ = {
			isa = PBXGroup;
			children = (
				C4638BD22A6FEECF001CF2EE /* Trailer */,
				C4C45EDE2A6E6EA800BC2DC7 /* Details */,
				C4C45ED62A6D196F00BC2DC7 /* Favorite */,
				C4478F432A6551C60096614B /* Home */,
				C4478F402A654C690096614B /* Splash */,
			);
			path = Scenes;
			sourceTree = "<group>";
		};
		C4478F352A6538A30096614B /* Resources */ = {
			isa = PBXGroup;
			children = (
				C4478F272A652E350096614B /* Assets.xcassets */,
			);
			path = Resources;
			sourceTree = "<group>";
		};
		C4478F362A6538BD0096614B /* Supporting Files */ = {
			isa = PBXGroup;
			children = (
				C4478F2C2A652E350096614B /* Info.plist */,
				C4478F3D2A653C430096614B /* Montserrat-Italic-VariableFont_wght.ttf */,
				C4478F3C2A653C430096614B /* Montserrat-VariableFont_wght.ttf */,
			);
			path = "Supporting Files";
			sourceTree = "<group>";
		};
		C4478F372A6539430096614B /* Core */ = {
			isa = PBXGroup;
			children = (
				C4478F502A6800390096614B /* Models */,
				C4478F442A6552110096614B /* Custom+UI */,
				C4478F392A653AD80096614B /* Extensions */,
				C4478F382A6539490096614B /* CoreData */,
			);
			path = Core;
			sourceTree = "<group>";
		};
		C4478F382A6539490096614B /* CoreData */ = {
			isa = PBXGroup;
			children = (
				C4478F242A652E310096614B /* MovieApp.xcdatamodeld */,
			);
			path = CoreData;
			sourceTree = "<group>";
		};
		C4478F392A653AD80096614B /* Extensions */ = {
			isa = PBXGroup;
			children = (
				C4478F3A2A653AEC0096614B /* UIColor + Extension.swift */,
				C4478F472A6567E70096614B /* UITextField + Extension.swift */,
			);
			path = Extensions;
			sourceTree = "<group>";
		};
		C4478F402A654C690096614B /* Splash */ = {
			isa = PBXGroup;
			children = (
				C4478F412A654C7E0096614B /* SplashViewController.swift */,
			);
			path = Splash;
			sourceTree = "<group>";
		};
		C4478F432A6551C60096614B /* Home */ = {
			isa = PBXGroup;
			children = (
				C4478F4B2A6572740096614B /* CollectionViewCell */,
				C4478F1F2A652E310096614B /* HomeViewController.swift */,
			);
			path = Home;
			sourceTree = "<group>";
		};
		C4478F442A6552110096614B /* Custom+UI */ = {
			isa = PBXGroup;
			children = (
				C4478F452A6552360096614B /* SearchBar.swift */,
				C4478F492A6569320096614B /* FilterButton.swift */,
				C4C45EDC2A6D224A00BC2DC7 /* CustomNavigationBar.swift */,
				C4C45EE12A6E7C9400BC2DC7 /* LabelsContainerView.swift */,
			);
			path = "Custom+UI";
			sourceTree = "<group>";
		};
		C4478F4B2A6572740096614B /* CollectionViewCell */ = {
			isa = PBXGroup;
			children = (
				C4478F4C2A6572EC0096614B /* MoviesCollectionViewCell.swift */,
				C4478F4E2A6579C30096614B /* MovieCategoryCollectionViewCell.swift */,
			);
			path = CollectionViewCell;
			sourceTree = "<group>";
		};
		C4478F502A6800390096614B /* Models */ = {
			isa = PBXGroup;
			children = (
				C4478F512A68004E0096614B /* Movie.swift */,
			);
			path = Models;
			sourceTree = "<group>";
		};
		C4638BD22A6FEECF001CF2EE /* Trailer */ = {
			isa = PBXGroup;
			children = (
				C4638BD02A6FD4DE001CF2EE /* MovieTrailerViewController.swift */,
			);
			path = Trailer;
			sourceTree = "<group>";
		};
		C4C45ED62A6D196F00BC2DC7 /* Favorite */ = {
			isa = PBXGroup;
			children = (
				C4C45ED92A6D1B1A00BC2DC7 /* CollectionViewCell */,
				C4C45ED72A6D19B600BC2DC7 /* FavoritePageViewController.swift */,
			);
			path = Favorite;
			sourceTree = "<group>";
		};
		C4C45ED92A6D1B1A00BC2DC7 /* CollectionViewCell */ = {
			isa = PBXGroup;
			children = (
				C4C45EDA2A6D1B3E00BC2DC7 /* FavoriteCollectionViewCell.swift */,
			);
			path = CollectionViewCell;
			sourceTree = "<group>";
		};
		C4C45EDE2A6E6EA800BC2DC7 /* Details */ = {
			isa = PBXGroup;
			children = (
				C4C45EDF2A6E6ECA00BC2DC7 /* MovieDetailsViewController.swift */,
			);
			path = Details;
			sourceTree = "<group>";
		};
/* End PBXGroup section */

/* Begin PBXNativeTarget section */
		C4478F172A652E310096614B /* MovieApp */ = {
			isa = PBXNativeTarget;
			buildConfigurationList = C4478F2F2A652E350096614B /* Build configuration list for PBXNativeTarget "MovieApp" */;
			buildPhases = (
				C4478F142A652E310096614B /* Sources */,
				C4478F152A652E310096614B /* Frameworks */,
				C4478F162A652E310096614B /* Resources */,
			);
			buildRules = (
			);
			dependencies = (
			);
			name = MovieApp;
			productName = MovieApp;
			productReference = C4478F182A652E310096614B /* MovieApp.app */;
			productType = "com.apple.product-type.application";
		};
/* End PBXNativeTarget section */

/* Begin PBXProject section */
		C4478F102A652E310096614B /* Project object */ = {
			isa = PBXProject;
			attributes = {
				BuildIndependentTargetsInParallel = 1;
				LastSwiftUpdateCheck = 1430;
				LastUpgradeCheck = 1430;
				TargetAttributes = {
					C4478F172A652E310096614B = {
						CreatedOnToolsVersion = 14.3.1;
					};
				};
			};
			buildConfigurationList = C4478F132A652E310096614B /* Build configuration list for PBXProject "MovieApp" */;
			compatibilityVersion = "Xcode 14.0";
			developmentRegion = en;
			hasScannedForEncodings = 0;
			knownRegions = (
				en,
				Base,
			);
			mainGroup = C4478F0F2A652E310096614B;
			productRefGroup = C4478F192A652E310096614B /* Products */;
			projectDirPath = "";
			projectRoot = "";
			targets = (
				C4478F172A652E310096614B /* MovieApp */,
			);
		};
/* End PBXProject section */

/* Begin PBXResourcesBuildPhase section */
		C4478F162A652E310096614B /* Resources */ = {
			isa = PBXResourcesBuildPhase;
			buildActionMask = 2147483647;
			files = (
				C4478F3F2A653C430096614B /* Montserrat-Italic-VariableFont_wght.ttf in Resources */,
				C4478F2B2A652E350096614B /* LaunchScreen.storyboard in Resources */,
				C4478F3E2A653C430096614B /* Montserrat-VariableFont_wght.ttf in Resources */,
				C4478F282A652E350096614B /* Assets.xcassets in Resources */,
			);
			runOnlyForDeploymentPostprocessing = 0;
		};
/* End PBXResourcesBuildPhase section */

/* Begin PBXSourcesBuildPhase section */
		C4478F142A652E310096614B /* Sources */ = {
			isa = PBXSourcesBuildPhase;
			buildActionMask = 2147483647;
			files = (
				C4638BD12A6FD4DE001CF2EE /* MovieTrailerViewController.swift in Sources */,
				C4C45EE02A6E6ECA00BC2DC7 /* MovieDetailsViewController.swift in Sources */,
				C4478F462A6552360096614B /* SearchBar.swift in Sources */,
				C4478F202A652E310096614B /* HomeViewController.swift in Sources */,
				C4478F522A68004F0096614B /* Movie.swift in Sources */,
				C4478F1C2A652E310096614B /* AppDelegate.swift in Sources */,
				C4C45EDB2A6D1B3E00BC2DC7 /* FavoriteCollectionViewCell.swift in Sources */,
				C4478F262A652E310096614B /* MovieApp.xcdatamodeld in Sources */,
				C4478F4A2A6569320096614B /* FilterButton.swift in Sources */,
				C4478F4D2A6572EC0096614B /* MoviesCollectionViewCell.swift in Sources */,
				C4C45ED82A6D19B600BC2DC7 /* FavoritePageViewController.swift in Sources */,
				C4C45EDD2A6D224A00BC2DC7 /* CustomNavigationBar.swift in Sources */,
				C4478F422A654C7E0096614B /* SplashViewController.swift in Sources */,
				C4478F1E2A652E310096614B /* SceneDelegate.swift in Sources */,
				C4C45EE22A6E7C9400BC2DC7 /* LabelsContainerView.swift in Sources */,
				C4478F4F2A6579C30096614B /* MovieCategoryCollectionViewCell.swift in Sources */,
				C4478F3B2A653AEC0096614B /* UIColor + Extension.swift in Sources */,
				C4478F482A6567E70096614B /* UITextField + Extension.swift in Sources */,
			);
			runOnlyForDeploymentPostprocessing = 0;
		};
/* End PBXSourcesBuildPhase section */

/* Begin PBXVariantGroup section */
		C4478F292A652E350096614B /* LaunchScreen.storyboard */ = {
			isa = PBXVariantGroup;
			children = (
				C4478F2A2A652E350096614B /* Base */,
			);
			name = LaunchScreen.storyboard;
			sourceTree = "<group>";
		};
/* End PBXVariantGroup section */

/* Begin XCBuildConfiguration section */
		C4478F2D2A652E350096614B /* Debug */ = {
			isa = XCBuildConfiguration;
			buildSettings = {
				ALWAYS_SEARCH_USER_PATHS = NO;
				CLANG_ANALYZER_NONNULL = YES;
				CLANG_ANALYZER_NUMBER_OBJECT_CONVERSION = YES_AGGRESSIVE;
				CLANG_CXX_LANGUAGE_STANDARD = "gnu++20";
				CLANG_ENABLE_MODULES = YES;
				CLANG_ENABLE_OBJC_ARC = YES;
				CLANG_ENABLE_OBJC_WEAK = YES;
				CLANG_WARN_BLOCK_CAPTURE_AUTORELEASING = YES;
				CLANG_WARN_BOOL_CONVERSION = YES;
				CLANG_WARN_COMMA = YES;
				CLANG_WARN_CONSTANT_CONVERSION = YES;
				CLANG_WARN_DEPRECATED_OBJC_IMPLEMENTATIONS = YES;
				CLANG_WARN_DIRECT_OBJC_ISA_USAGE = YES_ERROR;
				CLANG_WARN_DOCUMENTATION_COMMENTS = YES;
				CLANG_WARN_EMPTY_BODY = YES;
				CLANG_WARN_ENUM_CONVERSION = YES;
				CLANG_WARN_INFINITE_RECURSION = YES;
				CLANG_WARN_INT_CONVERSION = YES;
				CLANG_WARN_NON_LITERAL_NULL_CONVERSION = YES;
				CLANG_WARN_OBJC_IMPLICIT_RETAIN_SELF = YES;
				CLANG_WARN_OBJC_LITERAL_CONVERSION = YES;
				CLANG_WARN_OBJC_ROOT_CLASS = YES_ERROR;
				CLANG_WARN_QUOTED_INCLUDE_IN_FRAMEWORK_HEADER = YES;
				CLANG_WARN_RANGE_LOOP_ANALYSIS = YES;
				CLANG_WARN_STRICT_PROTOTYPES = YES;
				CLANG_WARN_SUSPICIOUS_MOVE = YES;
				CLANG_WARN_UNGUARDED_AVAILABILITY = YES_AGGRESSIVE;
				CLANG_WARN_UNREACHABLE_CODE = YES;
				CLANG_WARN__DUPLICATE_METHOD_MATCH = YES;
				COPY_PHASE_STRIP = NO;
				DEBUG_INFORMATION_FORMAT = dwarf;
				ENABLE_STRICT_OBJC_MSGSEND = YES;
				ENABLE_TESTABILITY = YES;
				GCC_C_LANGUAGE_STANDARD = gnu11;
				GCC_DYNAMIC_NO_PIC = NO;
				GCC_NO_COMMON_BLOCKS = YES;
				GCC_OPTIMIZATION_LEVEL = 0;
				GCC_PREPROCESSOR_DEFINITIONS = (
					"DEBUG=1",
					"$(inherited)",
				);
				GCC_WARN_64_TO_32_BIT_CONVERSION = YES;
				GCC_WARN_ABOUT_RETURN_TYPE = YES_ERROR;
				GCC_WARN_UNDECLARED_SELECTOR = YES;
				GCC_WARN_UNINITIALIZED_AUTOS = YES_AGGRESSIVE;
				GCC_WARN_UNUSED_FUNCTION = YES;
				GCC_WARN_UNUSED_VARIABLE = YES;
				IPHONEOS_DEPLOYMENT_TARGET = 16.4;
				MTL_ENABLE_DEBUG_INFO = INCLUDE_SOURCE;
				MTL_FAST_MATH = YES;
				ONLY_ACTIVE_ARCH = YES;
				SDKROOT = iphoneos;
				SWIFT_ACTIVE_COMPILATION_CONDITIONS = DEBUG;
				SWIFT_OPTIMIZATION_LEVEL = "-Onone";
			};
			name = Debug;
		};
		C4478F2E2A652E350096614B /* Release */ = {
			isa = XCBuildConfiguration;
			buildSettings = {
				ALWAYS_SEARCH_USER_PATHS = NO;
				CLANG_ANALYZER_NONNULL = YES;
				CLANG_ANALYZER_NUMBER_OBJECT_CONVERSION = YES_AGGRESSIVE;
				CLANG_CXX_LANGUAGE_STANDARD = "gnu++20";
				CLANG_ENABLE_MODULES = YES;
				CLANG_ENABLE_OBJC_ARC = YES;
				CLANG_ENABLE_OBJC_WEAK = YES;
				CLANG_WARN_BLOCK_CAPTURE_AUTORELEASING = YES;
				CLANG_WARN_BOOL_CONVERSION = YES;
				CLANG_WARN_COMMA = YES;
				CLANG_WARN_CONSTANT_CONVERSION = YES;
				CLANG_WARN_DEPRECATED_OBJC_IMPLEMENTATIONS = YES;
				CLANG_WARN_DIRECT_OBJC_ISA_USAGE = YES_ERROR;
				CLANG_WARN_DOCUMENTATION_COMMENTS = YES;
				CLANG_WARN_EMPTY_BODY = YES;
				CLANG_WARN_ENUM_CONVERSION = YES;
				CLANG_WARN_INFINITE_RECURSION = YES;
				CLANG_WARN_INT_CONVERSION = YES;
				CLANG_WARN_NON_LITERAL_NULL_CONVERSION = YES;
				CLANG_WARN_OBJC_IMPLICIT_RETAIN_SELF = YES;
				CLANG_WARN_OBJC_LITERAL_CONVERSION = YES;
				CLANG_WARN_OBJC_ROOT_CLASS = YES_ERROR;
				CLANG_WARN_QUOTED_INCLUDE_IN_FRAMEWORK_HEADER = YES;
				CLANG_WARN_RANGE_LOOP_ANALYSIS = YES;
				CLANG_WARN_STRICT_PROTOTYPES = YES;
				CLANG_WARN_SUSPICIOUS_MOVE = YES;
				CLANG_WARN_UNGUARDED_AVAILABILITY = YES_AGGRESSIVE;
				CLANG_WARN_UNREACHABLE_CODE = YES;
				CLANG_WARN__DUPLICATE_METHOD_MATCH = YES;
				COPY_PHASE_STRIP = NO;
				DEBUG_INFORMATION_FORMAT = "dwarf-with-dsym";
				ENABLE_NS_ASSERTIONS = NO;
				ENABLE_STRICT_OBJC_MSGSEND = YES;
				GCC_C_LANGUAGE_STANDARD = gnu11;
				GCC_NO_COMMON_BLOCKS = YES;
				GCC_WARN_64_TO_32_BIT_CONVERSION = YES;
				GCC_WARN_ABOUT_RETURN_TYPE = YES_ERROR;
				GCC_WARN_UNDECLARED_SELECTOR = YES;
				GCC_WARN_UNINITIALIZED_AUTOS = YES_AGGRESSIVE;
				GCC_WARN_UNUSED_FUNCTION = YES;
				GCC_WARN_UNUSED_VARIABLE = YES;
				IPHONEOS_DEPLOYMENT_TARGET = 16.4;
				MTL_ENABLE_DEBUG_INFO = NO;
				MTL_FAST_MATH = YES;
				SDKROOT = iphoneos;
				SWIFT_COMPILATION_MODE = wholemodule;
				SWIFT_OPTIMIZATION_LEVEL = "-O";
				VALIDATE_PRODUCT = YES;
			};
			name = Release;
		};
		C4478F302A652E350096614B /* Debug */ = {
			isa = XCBuildConfiguration;
			buildSettings = {
				ASSETCATALOG_COMPILER_APPICON_NAME = AppIcon;
				ASSETCATALOG_COMPILER_GLOBAL_ACCENT_COLOR_NAME = AccentColor;
				CODE_SIGN_STYLE = Automatic;
				CURRENT_PROJECT_VERSION = 1;
				DEVELOPMENT_TEAM = L8AFV99X79;
				GENERATE_INFOPLIST_FILE = YES;
				INFOPLIST_FILE = "MovieApp/Supporting Files/Info.plist";
				INFOPLIST_KEY_UIApplicationSupportsIndirectInputEvents = YES;
				INFOPLIST_KEY_UILaunchStoryboardName = LaunchScreen;
				INFOPLIST_KEY_UISupportedInterfaceOrientations_iPad = "UIInterfaceOrientationPortrait UIInterfaceOrientationPortraitUpsideDown UIInterfaceOrientationLandscapeLeft UIInterfaceOrientationLandscapeRight";
				INFOPLIST_KEY_UISupportedInterfaceOrientations_iPhone = "UIInterfaceOrientationPortrait UIInterfaceOrientationLandscapeLeft UIInterfaceOrientationLandscapeRight";
				LD_RUNPATH_SEARCH_PATHS = (
					"$(inherited)",
					"@executable_path/Frameworks",
				);
				MARKETING_VERSION = 1.0;
				PRODUCT_BUNDLE_IDENTIFIER = com.tornikeivanashvili.MovieApp;
				PRODUCT_NAME = "$(TARGET_NAME)";
				SWIFT_EMIT_LOC_STRINGS = YES;
				SWIFT_VERSION = 5.0;
				TARGETED_DEVICE_FAMILY = "1,2";
			};
			name = Debug;
		};
		C4478F312A652E350096614B /* Release */ = {
			isa = XCBuildConfiguration;
			buildSettings = {
				ASSETCATALOG_COMPILER_APPICON_NAME = AppIcon;
				ASSETCATALOG_COMPILER_GLOBAL_ACCENT_COLOR_NAME = AccentColor;
				CODE_SIGN_STYLE = Automatic;
				CURRENT_PROJECT_VERSION = 1;
				DEVELOPMENT_TEAM = L8AFV99X79;
				GENERATE_INFOPLIST_FILE = YES;
				INFOPLIST_FILE = "MovieApp/Supporting Files/Info.plist";
				INFOPLIST_KEY_UIApplicationSupportsIndirectInputEvents = YES;
				INFOPLIST_KEY_UILaunchStoryboardName = LaunchScreen;
				INFOPLIST_KEY_UISupportedInterfaceOrientations_iPad = "UIInterfaceOrientationPortrait UIInterfaceOrientationPortraitUpsideDown UIInterfaceOrientationLandscapeLeft UIInterfaceOrientationLandscapeRight";
				INFOPLIST_KEY_UISupportedInterfaceOrientations_iPhone = "UIInterfaceOrientationPortrait UIInterfaceOrientationLandscapeLeft UIInterfaceOrientationLandscapeRight";
				LD_RUNPATH_SEARCH_PATHS = (
					"$(inherited)",
					"@executable_path/Frameworks",
				);
				MARKETING_VERSION = 1.0;
				PRODUCT_BUNDLE_IDENTIFIER = com.tornikeivanashvili.MovieApp;
				PRODUCT_NAME = "$(TARGET_NAME)";
				SWIFT_EMIT_LOC_STRINGS = YES;
				SWIFT_VERSION = 5.0;
				TARGETED_DEVICE_FAMILY = "1,2";
			};
			name = Release;
		};
/* End XCBuildConfiguration section */

/* Begin XCConfigurationList section */
		C4478F132A652E310096614B /* Build configuration list for PBXProject "MovieApp" */ = {
			isa = XCConfigurationList;
			buildConfigurations = (
				C4478F2D2A652E350096614B /* Debug */,
				C4478F2E2A652E350096614B /* Release */,
			);
			defaultConfigurationIsVisible = 0;
			defaultConfigurationName = Release;
		};
		C4478F2F2A652E350096614B /* Build configuration list for PBXNativeTarget "MovieApp" */ = {
			isa = XCConfigurationList;
			buildConfigurations = (
				C4478F302A652E350096614B /* Debug */,
				C4478F312A652E350096614B /* Release */,
			);
			defaultConfigurationIsVisible = 0;
			defaultConfigurationName = Release;
		};
/* End XCConfigurationList section */

/* Begin XCVersionGroup section */
		C4478F242A652E310096614B /* MovieApp.xcdatamodeld */ = {
			isa = XCVersionGroup;
			children = (
				C4478F252A652E310096614B /* MovieApp.xcdatamodel */,
			);
			currentVersion = C4478F252A652E310096614B /* MovieApp.xcdatamodel */;
			path = MovieApp.xcdatamodeld;
			sourceTree = "<group>";
			versionGroupType = wrapper.xcdatamodel;
		};
/* End XCVersionGroup section */
	};
	rootObject = C4478F102A652E310096614B /* Project object */;
}
